
Microsoft Visual Studio Solution File, Format Version 12.00
# Visual Studio 15
VisualStudioVersion = 15.0.27703.2042
MinimumVisualStudioVersion = 10.0.40219.1
Project("{FAE04EC0-301F-11D3-BF4B-00C04F79EFBC}") = "LifesSketch_Scripts", "LifesSketch_Scripts\LifesSketch_Scripts.csproj", "{265C8362-9494-49C4-BE44-B30533810420}"
EndProject
Global
	GlobalSection(SolutionConfigurationPlatforms) = preSolution
		Debug|Any CPU = Debug|Any CPU
		Release|Any CPU = Release|Any CPU
	EndGlobalSection
	GlobalSection(ProjectConfigurationPlatforms) = postSolution
		{265C8362-9494-49C4-BE44-B30533810420}.Debug|Any CPU.ActiveCfg = Debug|Any CPU
		{265C8362-9494-49C4-BE44-B30533810420}.Debug|Any CPU.Build.0 = Debug|Any CPU
		{265C8362-9494-49C4-BE44-B30533810420}.Release|Any CPU.ActiveCfg = Release|Any CPU
		{265C8362-9494-49C4-BE44-B30533810420}.Release|Any CPU.Build.0 = Release|Any CPU
	EndGlobalSection
	GlobalSection(SolutionProperties) = preSolution
		HideSolutionNode = FALSE
	EndGlobalSection
	GlobalSection(ExtensibilityGlobals) = postSolution
		SolutionGuid = {1F0A8DF5-C6B0-43E6-81B4-2D5FA6BEC113}
	EndGlobalSection
EndGlobal
